{
  "version": 4,
  "terraform_version": "1.14.6",
  "serial": 92,
  "lineage": "e742e7cc-05c1-ee52-7027-e7b43b9fc534",
  "outputs": {
    "cognito_user_pool_client_id": {
      "value": "65qoqk249vvq5bbm8f9plov3k",
      "type": "string"
    },
    "cognito_user_pool_id": {
      "value": "us-east-1_xUJVi1JuW",
      "type": "string"
    }
  },
  "resources": [
    {
      "module": "module.cognito",
      "mode": "data",
      "type": "aws_region",
      "name": "current",
      "provider": "provider[\"registry.terraform.io/hashicorp/aws\"].us_east_1",
      "instances": [
        {
          "schema_version": 0,
          "attributes": {
            "description": "US East (N. Virginia)",
            "endpoint": "ec2.us-east-1.amazonaws.com",
            "id": "us-east-1",
            "name": "us-east-1"
          },
          "sensitive_attributes": [],
          "identity_schema_version": 0
        }
      ]
    },
    {
      "module": "module.cognito",
      "mode": "managed",
      "type": "aws_cognito_user",
      "name": "user",
      "provider": "provider[\"registry.terraform.io/hashicorp/aws\"].us_east_1",
      "instances": [
        {
          "schema_version": 0,
          "attributes": {
            "attributes": {
              "email": "ghassen.cherni@gmail.com",
              "sub": "64382418-7061-7012-9667-5e1a6db1b0f1"
            },
            "client_metadata": null,
            "creation_date": "2026-03-03T12:54:47Z",
            "desired_delivery_mediums": null,
            "enabled": true,
            "force_alias_creation": null,
            "id": "us-east-1_xUJVi1JuW/64382418-7061-7012-9667-5e1a6db1b0f1",
            "last_modified_date": "2026-03-03T12:54:49Z",
            "message_action": "SUPPRESS",
            "mfa_setting_list": [],
            "password": null,
            "preferred_mfa_setting": "",
            "status": "CONFIRMED",
            "sub": "64382418-7061-7012-9667-5e1a6db1b0f1",
            "temporary_password": null,
            "user_pool_id": "us-east-1_xUJVi1JuW",
            "username": "ghassen.cherni@gmail.com",
            "validation_data": null
          },
          "sensitive_attributes": [
            [
              {
                "type": "get_attr",
                "value": "password"
              }
            ],
            [
              {
                "type": "get_attr",
                "value": "temporary_password"
              }
            ]
          ],
          "identity_schema_version": 0,
          "private": "bnVsbA==",
          "dependencies": [
            "module.cognito.aws_cognito_user_pool.user_pool"
          ]
        }
      ]
    },
    {
      "module": "module.cognito",
      "mode": "managed",
      "type": "aws_cognito_user_pool",
      "name": "user_pool",
      "provider": "provider[\"registry.terraform.io/hashicorp/aws\"].us_east_1",
      "instances": [
        {
          "schema_version": 0,
          "attributes": {
            "account_recovery_setting": [
              {
                "recovery_mechanism": [
                  {
                    "name": "verified_email",
                    "priority": 1
                  }
                ]
              }
            ],
            "admin_create_user_config": [
              {
                "allow_admin_create_user_only": false,
                "invite_message_template": []
              }
            ],
            "alias_attributes": null,
            "arn": "arn:aws:cognito-idp:us-east-1:263274769945:userpool/us-east-1_xUJVi1JuW",
            "auto_verified_attributes": [
              "email"
            ],
            "creation_date": "2026-03-03T10:09:30Z",
            "custom_domain": "",
            "deletion_protection": "INACTIVE",
            "device_configuration": [],
            "domain": "",
            "email_configuration": [
              {
                "configuration_set": "",
                "email_sending_account": "COGNITO_DEFAULT",
                "from_email_address": "",
                "reply_to_email_address": "",
                "source_arn": ""
              }
            ],
            "email_verification_message": "",
            "email_verification_subject": "",
            "endpoint": "cognito-idp.us-east-1.amazonaws.com/us-east-1_xUJVi1JuW",
            "estimated_number_of_users": 2,
            "id": "us-east-1_xUJVi1JuW",
            "lambda_config": [],
            "last_modified_date": "2026-03-03T12:54:45Z",
            "mfa_configuration": "OFF",
            "name": "test-user-pool",
            "password_policy": [
              {
                "minimum_length": 8,
                "require_lowercase": true,
                "require_numbers": true,
                "require_symbols": false,
                "require_uppercase": true,
                "temporary_password_validity_days": 7
              }
            ],
            "schema": [],
            "sms_authentication_message": "",
            "sms_configuration": [],
            "sms_verification_message": "",
            "software_token_mfa_configuration": [],
            "tags": {},
            "tags_all": {},
            "user_attribute_update_settings": [],
            "user_pool_add_ons": [],
            "username_attributes": [
              "email"
            ],
            "username_configuration": [],
            "verification_message_template": [
              {
                "default_email_option": "CONFIRM_WITH_CODE",
                "email_message": "",
                "email_message_by_link": "",
                "email_subject": "",
                "email_subject_by_link": "",
                "sms_message": ""
              }
            ]
          },
          "sensitive_attributes": [],
          "identity_schema_version": 0,
          "private": "bnVsbA=="
        }
      ]
    },
    {
      "module": "module.cognito",
      "mode": "managed",
      "type": "aws_cognito_user_pool_client",
      "name": "user_pool_client",
      "provider": "provider[\"registry.terraform.io/hashicorp/aws\"].us_east_1",
      "instances": [
        {
          "schema_version": 0,
          "attributes": {
            "access_token_validity": 0,
            "allowed_oauth_flows": [],
            "allowed_oauth_flows_user_pool_client": false,
            "allowed_oauth_scopes": [],
            "analytics_configuration": [],
            "auth_session_validity": 3,
            "callback_urls": [],
            "client_secret": "",
            "default_redirect_uri": "",
            "enable_propagate_additional_user_context_data": false,
            "enable_token_revocation": true,
            "explicit_auth_flows": [
              "ALLOW_ADMIN_USER_PASSWORD_AUTH",
              "ALLOW_REFRESH_TOKEN_AUTH",
              "ALLOW_USER_PASSWORD_AUTH",
              "ALLOW_USER_SRP_AUTH"
            ],
            "generate_secret": false,
            "id": "65qoqk249vvq5bbm8f9plov3k",
            "id_token_validity": 0,
            "logout_urls": [],
            "name": "test-user-pool-client",
            "prevent_user_existence_errors": "ENABLED",
            "read_attributes": [],
            "refresh_token_validity": 30,
            "supported_identity_providers": [],
            "token_validity_units": [],
            "user_pool_id": "us-east-1_xUJVi1JuW",
            "write_attributes": []
          },
          "sensitive_attributes": [
            [
              {
                "type": "get_attr",
                "value": "client_secret"
              }
            ]
          ],
          "identity_schema_version": 0,
          "dependencies": [
            "module.cognito.aws_cognito_user_pool.user_pool"
          ]
        }
      ]
    },
    {
      "module": "module.cognito",
      "mode": "managed",
      "type": "null_resource",
      "name": "set_user_password",
      "provider": "provider[\"registry.terraform.io/hashicorp/null\"]",
      "instances": [
        {
          "schema_version": 0,
          "attributes": {
            "id": "9177300336744734754",
            "triggers": null
          },
          "sensitive_attributes": [],
          "identity_schema_version": 0,
          "dependencies": [
            "module.cognito.aws_cognito_user.user",
            "module.cognito.aws_cognito_user_pool.user_pool",
            "module.cognito.data.aws_region.current"
          ]
        }
      ]
    },
    {
      "module": "module.compute_eu",
      "mode": "data",
      "type": "archive_file",
      "name": "dispatcher_lambda",
      "provider": "provider[\"registry.terraform.io/hashicorp/archive\"]",
      "instances": [
        {
          "schema_version": 0,
          "attributes": {
            "exclude_symlink_directories": null,
            "excludes": null,
            "id": "b58900dfb8e835b4258b13b9214177eb6e019648",
            "output_base64sha256": "bajUlHXwPOySv1TVa8sjhsL05QodSULrThkgds/U1DQ=",
            "output_base64sha512": "RhPAc3jbKLxwM0iPHDnjJHfzwvgNeNqHa9UCfJv+9xspqfErfV7sgzbG6WhECTqrfLMGtKIddZJWmD4RhjvhQA==",
            "output_file_mode": null,
            "output_md5": "d2cb747c8662086ba7cbed3366e81494",
            "output_path": "modules/compute/lambda_dispatcher/lambda.zip",
            "output_sha": "b58900dfb8e835b4258b13b9214177eb6e019648",
            "output_sha256": "6da8d49475f03cec92bf54d56bcb2386c2f4e50a1d4942eb4e192076cfd4d434",
            "output_sha512": "4613c07378db28bc7033488f1c39e32477f3c2f80d78da876bd5027c9bfef71b29a9f12b7d5eec8336c6e96844093aab7cb306b4a21d759256983e11863be140",
            "output_size": 893,
            "source": [],
            "source_content": null,
            "source_content_filename": null,
            "source_dir": null,
            "source_file": "modules/compute/lambda_dispatcher/handler.py",
            "type": "zip"
          },
          "sensitive_attributes": [],
          "identity_schema_version": 0
        }
      ]
    },
    {
      "module": "module.compute_eu",
      "mode": "data",
      "type": "archive_file",
      "name": "greeter_lambda",
      "provider": "provider[\"registry.terraform.io/hashicorp/archive\"]",
      "instances": [
        {
          "schema_version": 0,
          "attributes": {
            "exclude_symlink_directories": null,
            "excludes": null,
            "id": "c18f034f3a39d224a3236629409c11d3cdff09f4",
            "output_base64sha256": "R0Q5rZDBeX1t/BbChUTkFpicj8UB0r1WJJ49s5TkPHU=",
            "output_base64sha512": "sYw2pVHf4NgP5AqcsX8S/gaBoB+Q93wZlKH3QfHYFlSTs0xzkFAEMStBMB0WoXVWTjWa6yR3TUnXGCKgOIAhXA==",
            "output_file_mode": null,
            "output_md5": "f5b6c19f0ddb611386c82f679d13c20b",
            "output_path": "modules/compute/lambda_greeter/lambda.zip",
            "output_sha": "c18f034f3a39d224a3236629409c11d3cdff09f4",
            "output_sha256": "474439ad90c1797d6dfc16c28544e416989c8fc501d2bd56249e3db394e43c75",
            "output_sha512": "b18c36a551dfe0d80fe40a9cb17f12fe0681a01f90f77c1994a1f741f1d8165493b34c73905004312b41301d16a175564e359aeb24774d49d71822a03880215c",
            "output_size": 628,
            "source": [],
            "source_content": null,
            "source_content_filename": null,
            "source_dir": null,
            "source_file": "modules/compute/lambda_greeter/handler.py",
            "type": "zip"
          },
          "sensitive_attributes": [],
          "identity_schema_version": 0
        }
      ]
    },
    {
      "module": "module.compute_eu",
      "mode": "data",
      "type": "aws_caller_identity",
      "name": "current",
      "provider": "provider[\"registry.terraform.io/hashicorp/aws\"].eu_west_1",
      "instances": [
        {
          "schema_version": 0,
          "attributes": {
            "account_id": "263274769945",
            "arn": "arn:aws:sts::263274769945:assumed-role/AWSReservedSSO_AdministratorAccess_21a35c43f1bba4ff/ghassen.cherni@pricemoov.com",
            "id": "263274769945",
            "user_id": "AROAT2TDGFYMVJIPVAN66:ghassen.cherni@pricemoov.com"
          },
          "sensitive_attributes": [],
          "identity_schema_version": 0
        }
      ]
    },
    {
      "module": "module.compute_eu",
      "mode": "data",
      "type": "aws_security_group",
      "name": "default",
      "provider": "provider[\"registry.terraform.io/hashicorp/aws\"].eu_west_1",
      "instances": [
        {
          "schema_version": 0,
          "attributes": {
            "arn": "arn:aws:ec2:eu-west-1:263274769945:security-group/sg-048ecf4f3ba09729d",
            "description": "default VPC security group",
            "filter": null,
            "id": "sg-048ecf4f3ba09729d",
            "name": "default",
            "tags": {},
            "timeouts": null,
            "vpc_id": "vpc-08fbb1abf79b8e960"
          },
          "sensitive_attributes": [],
          "identity_schema_version": 0
        }
      ]
    },
    {
      "module": "module.compute_eu",
      "mode": "data",
      "type": "aws_subnets",
      "name": "default_public",
      "provider": "provider[\"registry.terraform.io/hashicorp/aws\"].eu_west_1",
      "instances": [
        {
          "schema_version": 0,
          "attributes": {
            "filter": [
              {
                "name": "vpc-id",
                "values": [
                  "vpc-08fbb1abf79b8e960"
                ]
              }
            ],
            "id": "eu-west-1",
            "ids": [
              "subnet-0bc3412d943aa9174",
              "subnet-0e0e787614caed87c",
              "subnet-03457fdf11791de33"
            ],
            "tags": null,
            "timeouts": null
          },
          "sensitive_attributes": [],
          "identity_schema_version": 0
        }
      ]
    },
    {
      "module": "module.compute_eu",
      "mode": "data",
      "type": "aws_vpc",
      "name": "default",
      "provider": "provider[\"registry.terraform.io/hashicorp/aws\"].eu_west_1",
      "instances": [
        {
          "schema_version": 0,
          "attributes": {
            "arn": "arn:aws:ec2:eu-west-1:263274769945:vpc/vpc-08fbb1abf79b8e960",
            "cidr_block": "172.31.0.0/16",
            "cidr_block_associations": [
              {
                "association_id": "vpc-cidr-assoc-0d3171eb9be3e99b3",
                "cidr_block": "172.31.0.0/16",
                "state": "associated"
              }
            ],
            "default": true,
            "dhcp_options_id": "dopt-83bd9ae5",
            "enable_dns_hostnames": true,
            "enable_dns_support": true,
            "enable_network_address_usage_metrics": false,
            "filter": null,
            "id": "vpc-08fbb1abf79b8e960",
            "instance_tenancy": "default",
            "ipv6_association_id": "",
            "ipv6_cidr_block": "",
            "main_route_table_id": "rtb-0883d2713a67ec435",
            "owner_id": "263274769945",
            "state": null,
            "tags": {},
            "timeouts": null
          },
          "sensitive_attributes": [],
          "identity_schema_version": 0
        }
      ]
    },
    {
      "module": "module.compute_eu",
      "mode": "managed",
      "type": "aws_apigatewayv2_api",
      "name": "api",
      "provider": "provider[\"registry.terraform.io/hashicorp/aws\"].eu_west_1",
      "instances": [
        {
          "schema_version": 0,
          "attributes": {
            "api_endpoint": "https://akmyxa482a.execute-api.eu-west-1.amazonaws.com",
            "api_key_selection_expression": "$request.header.x-api-key",
            "arn": "arn:aws:apigateway:eu-west-1::/apis/akmyxa482a",
            "body": null,
            "cors_configuration": [],
            "credentials_arn": null,
            "description": "",
            "disable_execute_api_endpoint": false,
            "execution_arn": "arn:aws:execute-api:eu-west-1:263274769945:akmyxa482a",
            "fail_on_warnings": null,
            "id": "akmyxa482a",
            "name": "test-api",
            "protocol_type": "HTTP",
            "route_key": null,
            "route_selection_expression": "$request.method $request.path",
            "tags": {},
            "tags_all": {},
            "target": null,
            "version": ""
          },
          "sensitive_attributes": [],
          "identity_schema_version": 0,
          "private": "bnVsbA=="
        }
      ]
    },
    {
      "module": "module.compute_eu",
      "mode": "managed",
      "type": "aws_apigatewayv2_authorizer",
      "name": "cognito",
      "provider": "provider[\"registry.terraform.io/hashicorp/aws\"].eu_west_1",
      "instances": [
        {
          "schema_version": 0,
          "attributes": {
            "api_id": "akmyxa482a",
            "authorizer_credentials_arn": "",
            "authorizer_payload_format_version": "",
            "authorizer_result_ttl_in_seconds": 0,
            "authorizer_type": "JWT",
            "authorizer_uri": "",
            "enable_simple_responses": false,
            "id": "awrzki",
            "identity_sources": [
              "$request.header.Authorization"
            ],
            "jwt_configuration": [
              {
                "audience": [
                  "65qoqk249vvq5bbm8f9plov3k"
                ],
                "issuer": "https://cognito-idp.us-east-1.amazonaws.com/us-east-1_xUJVi1JuW"
              }
            ],
            "name": "cognito-jwt-authorizer"
          },
          "sensitive_attributes": [],
          "identity_schema_version": 0,
          "private": "bnVsbA==",
          "dependencies": [
            "module.cognito.aws_cognito_user_pool.user_pool",
            "module.cognito.aws_cognito_user_pool_client.user_pool_client",
            "module.compute_eu.aws_apigatewayv2_api.api"
          ]
        }
      ]
    },
    {
      "module": "module.compute_eu",
      "mode": "managed",
      "type": "aws_apigatewayv2_integration",
      "name": "dispatcher",
      "provider": "provider[\"registry.terraform.io/hashicorp/aws\"].eu_west_1",
      "instances": [
        {
          "schema_version": 0,
          "attributes": {
            "api_id": "akmyxa482a",
            "connection_id": "",
            "connection_type": "INTERNET",
            "content_handling_strategy": "",
            "credentials_arn": "",
            "description": "",
            "id": "v24ros0",
            "integration_method": "POST",
            "integration_response_selection_expression": "",
            "integration_subtype": "",
            "integration_type": "AWS_PROXY",
            "integration_uri": "arn:aws:apigateway:eu-west-1:lambda:path/2015-03-31/functions/arn:aws:lambda:eu-west-1:263274769945:function:dispatcher-lambda/invocations",
            "passthrough_behavior": "",
            "payload_format_version": "2.0",
            "request_parameters": {},
            "request_templates": {},
            "response_parameters": [],
            "template_selection_expression": "",
            "timeout_milliseconds": 30000,
            "tls_config": []
          },
          "sensitive_attributes": [],
          "identity_schema_version": 0,
          "private": "bnVsbA==",
          "dependencies": [
            "module.compute_eu.aws_apigatewayv2_api.api",
            "module.compute_eu.aws_ecs_cluster.dispatcher_cluster",
            "module.compute_eu.aws_ecs_task_definition.dispatcher_task",
            "module.compute_eu.aws_iam_role.dispatcher_role",
            "module.compute_eu.aws_iam_role.ecs_task_role",
            "module.compute_eu.aws_lambda_function.dispatcher",
            "module.compute_eu.data.archive_file.dispatcher_lambda",
            "module.compute_eu.data.aws_security_group.default",
            "module.compute_eu.data.aws_subnets.default_public",
            "module.compute_eu.data.aws_vpc.default"
          ]
        }
      ]
    },
    {
      "module": "module.compute_eu",
      "mode": "managed",
      "type": "aws_apigatewayv2_integration",
      "name": "greeter",
      "provider": "provider[\"registry.terraform.io/hashicorp/aws\"].eu_west_1",
      "instances": [
        {
          "schema_version": 0,
          "attributes": {
            "api_id": "akmyxa482a",
            "connection_id": "",
            "connection_type": "INTERNET",
            "content_handling_strategy": "",
            "credentials_arn": "",
            "description": "",
            "id": "c3zyfkj",
            "integration_method": "POST",
            "integration_response_selection_expression": "",
            "integration_subtype": "",
            "integration_type": "AWS_PROXY",
            "integration_uri": "arn:aws:apigateway:eu-west-1:lambda:path/2015-03-31/functions/arn:aws:lambda:eu-west-1:263274769945:function:greeter-lambda/invocations",
            "passthrough_behavior": "",
            "payload_format_version": "2.0",
            "request_parameters": {},
            "request_templates": {},
            "response_parameters": [],
            "template_selection_expression": "",
            "timeout_milliseconds": 30000,
            "tls_config": []
          },
          "sensitive_attributes": [],
          "identity_schema_version": 0,
          "private": "bnVsbA==",
          "dependencies": [
            "module.compute_eu.aws_apigatewayv2_api.api",
            "module.compute_eu.aws_dynamodb_table.greetings",
            "module.compute_eu.aws_iam_role.greeter_role",
            "module.compute_eu.aws_lambda_function.greeter",
            "module.compute_eu.data.archive_file.greeter_lambda"
          ]
        }
      ]
    },
    {
      "module": "module.compute_eu",
      "mode": "managed",
      "type": "aws_apigatewayv2_route",
      "name": "dispatch",
      "provider": "provider[\"registry.terraform.io/hashicorp/aws\"].eu_west_1",
      "instances": [
        {
          "schema_version": 0,
          "attributes": {
            "api_id": "akmyxa482a",
            "api_key_required": false,
            "authorization_scopes": [],
            "authorization_type": "JWT",
            "authorizer_id": "awrzki",
            "id": "p6nwkk1",
            "model_selection_expression": "",
            "operation_name": "",
            "request_models": {},
            "request_parameter": [],
            "route_key": "POST /dispatch",
            "route_response_selection_expression": "",
            "target": "integrations/v24ros0"
          },
          "sensitive_attributes": [],
          "identity_schema_version": 0,
          "private": "bnVsbA==",
          "dependencies": [
            "module.cognito.aws_cognito_user_pool.user_pool",
            "module.cognito.aws_cognito_user_pool_client.user_pool_client",
            "module.compute_eu.aws_apigatewayv2_api.api",
            "module.compute_eu.aws_apigatewayv2_authorizer.cognito",
            "module.compute_eu.aws_apigatewayv2_integration.dispatcher",
            "module.compute_eu.aws_ecs_cluster.dispatcher_cluster",
            "module.compute_eu.aws_ecs_task_definition.dispatcher_task",
            "module.compute_eu.aws_iam_role.dispatcher_role",
            "module.compute_eu.aws_iam_role.ecs_task_role",
            "module.compute_eu.aws_lambda_function.dispatcher",
            "module.compute_eu.data.archive_file.dispatcher_lambda",
            "module.compute_eu.data.aws_security_group.default",
            "module.compute_eu.data.aws_subnets.default_public",
            "module.compute_eu.data.aws_vpc.default"
          ]
        }
      ]
    },
    {
      "module": "module.compute_eu",
      "mode": "managed",
      "type": "aws_apigatewayv2_route",
      "name": "greet",
      "provider": "provider[\"registry.terraform.io/hashicorp/aws\"].eu_west_1",
      "instances": [
        {
          "schema_version": 0,
          "attributes": {
            "api_id": "akmyxa482a",
            "api_key_required": false,
            "authorization_scopes": [],
            "authorization_type": "JWT",
            "authorizer_id": "awrzki",
            "id": "uj4jr7g",
            "model_selection_expression": "",
            "operation_name": "",
            "request_models": {},
            "request_parameter": [],
            "route_key": "GET /greet",
            "route_response_selection_expression": "",
            "target": "integrations/c3zyfkj"
          },
          "sensitive_attributes": [],
          "identity_schema_version": 0,
          "private": "bnVsbA==",
          "dependencies": [
            "module.cognito.aws_cognito_user_pool.user_pool",
            "module.cognito.aws_cognito_user_pool_client.user_pool_client",
            "module.compute_eu.aws_apigatewayv2_api.api",
            "module.compute_eu.aws_apigatewayv2_authorizer.cognito",
            "module.compute_eu.aws_apigatewayv2_integration.greeter",
            "module.compute_eu.aws_dynamodb_table.greetings",
            "module.compute_eu.aws_iam_role.greeter_role",
            "module.compute_eu.aws_lambda_function.greeter",
            "module.compute_eu.data.archive_file.greeter_lambda"
          ]
        }
      ]
    },
    {
      "module": "module.compute_eu",
      "mode": "managed",
      "type": "aws_apigatewayv2_stage",
      "name": "default",
      "provider": "provider[\"registry.terraform.io/hashicorp/aws\"].eu_west_1",
      "instances": [
        {
          "schema_version": 0,
          "attributes": {
            "access_log_settings": [],
            "api_id": "akmyxa482a",
            "arn": "arn:aws:apigateway:eu-west-1::/apis/akmyxa482a/stages/$default",
            "auto_deploy": true,
            "client_certificate_id": "",
            "default_route_settings": [
              {
                "data_trace_enabled": false,
                "detailed_metrics_enabled": false,
                "logging_level": "",
                "throttling_burst_limit": 0,
                "throttling_rate_limit": 0
              }
            ],
            "deployment_id": "orvzgw",
            "description": "",
            "execution_arn": "arn:aws:execute-api:eu-west-1:263274769945:akmyxa482a/$default",
            "id": "$default",
            "invoke_url": "https://akmyxa482a.execute-api.eu-west-1.amazonaws.com/",
            "name": "$default",
            "route_settings": [],
            "stage_variables": {},
            "tags": {},
            "tags_all": {}
          },
          "sensitive_attributes": [],
          "identity_schema_version": 0,
          "private": "bnVsbA==",
          "dependencies": [
            "module.compute_eu.aws_apigatewayv2_api.api"
          ]
        }
      ]
    },
    {
      "module": "module.compute_eu",
      "mode": "managed",
      "type": "aws_dynamodb_table",
      "name": "greetings",
      "provider": "provider[\"registry.terraform.io/hashicorp/aws\"].eu_west_1",
      "instances": [
        {
          "schema_version": 1,
          "attributes": {
            "arn": "arn:aws:dynamodb:eu-west-1:263274769945:table/GreetingLogs",
            "attribute": [
              {
                "name": "id",
                "type": "S"
              }
            ],
            "billing_mode": "PAY_PER_REQUEST",
            "deletion_protection_enabled": false,
            "global_secondary_index": [],
            "hash_key": "id",
            "id": "GreetingLogs",
            "import_table": [],
            "local_secondary_index": [],
            "name": "GreetingLogs",
            "point_in_time_recovery": [
              {
                "enabled": false
              }
            ],
            "range_key": null,
            "read_capacity": 0,
            "replica": [],
            "restore_date_time": null,
            "restore_source_name": null,
            "restore_to_latest_time": null,
            "server_side_encryption": [],
            "stream_arn": "",
            "stream_enabled": false,
            "stream_label": "",
            "stream_view_type": "",
            "table_class": "STANDARD",
            "tags": {},
            "tags_all": {},
            "timeouts": null,
            "ttl": [
              {
                "attribute_name": "",
                "enabled": false
              }
            ],
            "write_capacity": 0
          },
          "sensitive_attributes": [],
          "identity_schema_version": 0,
          "private": "eyJlMmJmYjczMC1lY2FhLTExZTYtOGY4OC0zNDM2M2JjN2M0YzAiOnsiY3JlYXRlIjoxODAwMDAwMDAwMDAwLCJkZWxldGUiOjYwMDAwMDAwMDAwMCwidXBkYXRlIjozNjAwMDAwMDAwMDAwfSwic2NoZW1hX3ZlcnNpb24iOiIxIn0="
        }
      ]
    },
    {
      "module": "module.compute_eu",
      "mode": "managed",
      "type": "aws_ecs_cluster",
      "name": "dispatcher_cluster",
      "provider": "provider[\"registry.terraform.io/hashicorp/aws\"].eu_west_1",
      "instances": [
        {
          "schema_version": 0,
          "attributes": {
            "arn": "arn:aws:ecs:eu-west-1:263274769945:cluster/dispatcher-ecs-cluster",
            "configuration": [],
            "id": "arn:aws:ecs:eu-west-1:263274769945:cluster/dispatcher-ecs-cluster",
            "name": "dispatcher-ecs-cluster",
            "service_connect_defaults": [],
            "setting": [
              {
                "name": "containerInsights",
                "value": "disabled"
              }
            ],
            "tags": {},
            "tags_all": {}
          },
          "sensitive_attributes": [],
          "identity_schema_version": 0,
          "private": "bnVsbA=="
        }
      ]
    },
    {
      "module": "module.compute_eu",
      "mode": "managed",
      "type": "aws_ecs_task_definition",
      "name": "dispatcher_task",
      "provider": "provider[\"registry.terraform.io/hashicorp/aws\"].eu_west_1",
      "instances": [
        {
          "schema_version": 1,
          "attributes": {
            "arn": "arn:aws:ecs:eu-west-1:263274769945:task-definition/dispatcher-task:1",
            "arn_without_revision": "arn:aws:ecs:eu-west-1:263274769945:task-definition/dispatcher-task",
            "container_definitions": "[{\"command\":[\"sh\",\"-c\",\"aws sns publish --topic-arn $SNS_TOPIC --message '{\\\"email\\\":\\\"$EMAIL\\\",\\\"source\\\":\\\"ECS\\\",\\\"region\\\":\\\"$REGION\\\",\\\"repo\\\":\\\"$REPO\\\"}'\"],\"cpu\":0,\"environment\":[{\"name\":\"EMAIL\",\"value\":\"ghassen.cherni@gmail.com\"},{\"name\":\"REGION\",\"value\":\"eu-west-1\"},{\"name\":\"REPO\",\"value\":\"https://github.com/ghassenromdhani83/aws-assessment\"},{\"name\":\"SNS_TOPIC\",\"value\":\"arn:aws:sns:us-east-1:263274769945:sns-test\"}],\"essential\":true,\"image\":\"amazon/aws-cli:latest\",\"logConfiguration\":{\"logDriver\":\"awslogs\",\"options\":{\"awslogs-group\":\"/ecs/dispatcher-task\",\"awslogs-region\":\"eu-west-1\",\"awslogs-stream-prefix\":\"ecs\"}},\"mountPoints\":[],\"name\":\"dispatcher-container\",\"portMappings\":[],\"systemControls\":[],\"volumesFrom\":[]}]",
            "cpu": "256",
            "ephemeral_storage": [],
            "execution_role_arn": "arn:aws:iam::263274769945:role/dispatcher-ecs-task-role-eu-west-1",
            "family": "dispatcher-task",
            "id": "dispatcher-task",
            "inference_accelerator": [],
            "ipc_mode": "",
            "memory": "512",
            "network_mode": "awsvpc",
            "pid_mode": "",
            "placement_constraints": [],
            "proxy_configuration": [],
            "requires_compatibilities": [
              "FARGATE"
            ],
            "revision": 1,
            "runtime_platform": [],
            "skip_destroy": false,
            "tags": {},
            "tags_all": {},
            "task_role_arn": "arn:aws:iam::263274769945:role/dispatcher-ecs-task-role-eu-west-1",
            "volume": []
          },
          "sensitive_attributes": [],
          "identity_schema_version": 0,
          "private": "eyJzY2hlbWFfdmVyc2lvbiI6IjEifQ==",
          "dependencies": [
            "module.compute_eu.aws_iam_role.ecs_task_role"
          ]
        }
      ]
    },
    {
      "module": "module.compute_eu",
      "mode": "managed",
      "type": "aws_iam_role",
      "name": "dispatcher_role",
      "provider": "provider[\"registry.terraform.io/hashicorp/aws\"].eu_west_1",
      "instances": [
        {
          "schema_version": 0,
          "attributes": {
            "arn": "arn:aws:iam::263274769945:role/dispatcher-role-eu-west-1",
            "assume_role_policy": "{\"Statement\":[{\"Action\":\"sts:AssumeRole\",\"Effect\":\"Allow\",\"Principal\":{\"Service\":\"lambda.amazonaws.com\"}}],\"Version\":\"2012-10-17\"}",
            "create_date": "2026-03-03T10:09:30Z",
            "description": "",
            "force_detach_policies": false,
            "id": "dispatcher-role-eu-west-1",
            "inline_policy": [
              {
                "name": "terraform-20260303100941075100000003",
                "policy": "{\"Version\":\"2012-10-17\",\"Statement\":[{\"Action\":[\"ecs:RunTask\"],\"Effect\":\"Allow\",\"Resource\":[\"arn:aws:ecs:eu-west-1:263274769945:task-definition/dispatcher-task:1:*\",\"arn:aws:ecs:eu-west-1:263274769945:task-definition/dispatcher-task:1\"]},{\"Action\":[\"sns:Publish\"],\"Effect\":\"Allow\",\"Resource\":\"arn:aws:sns:us-east-1:263274769945:sns-test\"},{\"Action\":[\"iam:PassRole\"],\"Effect\":\"Allow\",\"Resource\":\"arn:aws:iam::263274769945:role/dispatcher-ecs-task-role-eu-west-1\"},{\"Action\":[\"logs:CreateLogGroup\",\"logs:CreateLogStream\",\"logs:PutLogEvents\"],\"Effect\":\"Allow\",\"Resource\":\"arn:aws:logs:eu-west-1:263274769945:*\"}]}"
              }
            ],
            "managed_policy_arns": [],
            "max_session_duration": 3600,
            "name": "dispatcher-role-eu-west-1",
            "name_prefix": "",
            "path": "/",
            "permissions_boundary": "",
            "tags": {},
            "tags_all": {},
            "unique_id": "AROAT2TDGFYMTBRATTXNR"
          },
          "sensitive_attributes": [],
          "identity_schema_version": 0,
          "private": "bnVsbA=="
        }
      ]
    },
    {
      "module": "module.compute_eu",
      "mode": "managed",
      "type": "aws_iam_role",
      "name": "ecs_task_role",
      "provider": "provider[\"registry.terraform.io/hashicorp/aws\"].eu_west_1",
      "instances": [
        {
          "schema_version": 0,
          "attributes": {
            "arn": "arn:aws:iam::263274769945:role/dispatcher-ecs-task-role-eu-west-1",
            "assume_role_policy": "{\"Statement\":[{\"Action\":\"sts:AssumeRole\",\"Effect\":\"Allow\",\"Principal\":{\"Service\":\"ecs-tasks.amazonaws.com\"}}],\"Version\":\"2012-10-17\"}",
            "create_date": "2026-03-03T10:09:30Z",
            "description": "",
            "force_detach_policies": false,
            "id": "dispatcher-ecs-task-role-eu-west-1",
            "inline_policy": [
              {
                "name": "terraform-20260303100931106900000001",
                "policy": "{\"Version\":\"2012-10-17\",\"Statement\":[{\"Action\":[\"sns:Publish\"],\"Effect\":\"Allow\",\"Resource\":\"arn:aws:sns:us-east-1:263274769945:sns-test\"},{\"Action\":[\"logs:CreateLogGroup\",\"logs:CreateLogStream\",\"logs:PutLogEvents\"],\"Effect\":\"Allow\",\"Resource\":\"*\"}]}"
              }
            ],
            "managed_policy_arns": [],
            "max_session_duration": 3600,
            "name": "dispatcher-ecs-task-role-eu-west-1",
            "name_prefix": "",
            "path": "/",
            "permissions_boundary": "",
            "tags": {},
            "tags_all": {},
            "unique_id": "AROAT2TDGFYMWOEB4AN4D"
          },
          "sensitive_attributes": [],
          "identity_schema_version": 0,
          "private": "bnVsbA=="
        }
      ]
    },
    {
      "module": "module.compute_eu",
      "mode": "managed",
      "type": "aws_iam_role",
      "name": "greeter_role",
      "provider": "provider[\"registry.terraform.io/hashicorp/aws\"].eu_west_1",
      "instances": [
        {
          "schema_version": 0,
          "attributes": {
            "arn": "arn:aws:iam::263274769945:role/greeter-role-eu-west-1",
            "assume_role_policy": "{\"Statement\":[{\"Action\":\"sts:AssumeRole\",\"Effect\":\"Allow\",\"Principal\":{\"Service\":\"lambda.amazonaws.com\"}}],\"Version\":\"2012-10-17\"}",
            "create_date": "2026-03-03T10:09:30Z",
            "description": "",
            "force_detach_policies": false,
            "id": "greeter-role-eu-west-1",
            "inline_policy": [
              {
                "name": "terraform-20260303100937041200000002",
                "policy": "{\"Version\":\"2012-10-17\",\"Statement\":[{\"Action\":[\"dynamodb:PutItem\"],\"Effect\":\"Allow\",\"Resource\":\"arn:aws:dynamodb:eu-west-1:263274769945:table/GreetingLogs\"},{\"Action\":[\"sns:Publish\"],\"Effect\":\"Allow\",\"Resource\":\"arn:aws:sns:us-east-1:263274769945:sns-test\"},{\"Action\":[\"logs:CreateLogGroup\",\"logs:CreateLogStream\",\"logs:PutLogEvents\"],\"Effect\":\"Allow\",\"Resource\":\"arn:aws:logs:eu-west-1:263274769945:*\"}]}"
              }
            ],
            "managed_policy_arns": [],
            "max_session_duration": 3600,
            "name": "greeter-role-eu-west-1",
            "name_prefix": "",
            "path": "/",
            "permissions_boundary": "",
            "tags": {},
            "tags_all": {},
            "unique_id": "AROAT2TDGFYM7RBUF5ZW2"
          },
          "sensitive_attributes": [],
          "identity_schema_version": 0,
          "private": "bnVsbA=="
        }
      ]
    },
    {
      "module": "module.compute_eu",
      "mode": "managed",
      "type": "aws_iam_role_policy",
      "name": "dispatcher_policy",
      "provider": "provider[\"registry.terraform.io/hashicorp/aws\"].eu_west_1",
      "instances": [
        {
          "schema_version": 0,
          "attributes": {
            "id": "dispatcher-role-eu-west-1:terraform-20260303100941075100000003",
            "name": "terraform-20260303100941075100000003",
            "name_prefix": "terraform-",
            "policy": "{\"Version\":\"2012-10-17\",\"Statement\":[{\"Action\":[\"ecs:RunTask\"],\"Effect\":\"Allow\",\"Resource\":[\"arn:aws:ecs:eu-west-1:263274769945:task-definition/dispatcher-task:1:*\",\"arn:aws:ecs:eu-west-1:263274769945:task-definition/dispatcher-task:1\"]},{\"Action\":[\"sns:Publish\"],\"Effect\":\"Allow\",\"Resource\":\"arn:aws:sns:us-east-1:263274769945:sns-test\"},{\"Action\":[\"iam:PassRole\"],\"Effect\":\"Allow\",\"Resource\":\"arn:aws:iam::263274769945:role/dispatcher-ecs-task-role-eu-west-1\"},{\"Action\":[\"logs:CreateLogGroup\",\"logs:CreateLogStream\",\"logs:PutLogEvents\"],\"Effect\":\"Allow\",\"Resource\":\"arn:aws:logs:eu-west-1:263274769945:*\"}]}",
            "role": "dispatcher-role-eu-west-1"
          },
          "sensitive_attributes": [],
          "identity_schema_version": 0,
          "private": "bnVsbA==",
          "dependencies": [
            "module.compute_eu.aws_ecs_task_definition.dispatcher_task",
            "module.compute_eu.aws_iam_role.dispatcher_role",
            "module.compute_eu.aws_iam_role.ecs_task_role",
            "module.compute_eu.data.aws_caller_identity.current"
          ]
        }
      ]
    },
    {
      "module": "module.compute_eu",
      "mode": "managed",
      "type": "aws_iam_role_policy",
      "name": "ecs_task_policy",
      "provider": "provider[\"registry.terraform.io/hashicorp/aws\"].eu_west_1",
      "instances": [
        {
          "schema_version": 0,
          "attributes": {
            "id": "dispatcher-ecs-task-role-eu-west-1:terraform-20260303100931106900000001",
            "name": "terraform-20260303100931106900000001",
            "name_prefix": "terraform-",
            "policy": "{\"Version\":\"2012-10-17\",\"Statement\":[{\"Action\":[\"sns:Publish\"],\"Effect\":\"Allow\",\"Resource\":\"arn:aws:sns:us-east-1:263274769945:sns-test\"},{\"Action\":[\"logs:CreateLogGroup\",\"logs:CreateLogStream\",\"logs:PutLogEvents\"],\"Effect\":\"Allow\",\"Resource\":\"*\"}]}",
            "role": "dispatcher-ecs-task-role-eu-west-1"
          },
          "sensitive_attributes": [],
          "identity_schema_version": 0,
          "private": "bnVsbA==",
          "dependencies": [
            "module.compute_eu.aws_iam_role.ecs_task_role"
          ]
        }
      ]
    },
    {
      "module": "module.compute_eu",
      "mode": "managed",
      "type": "aws_iam_role_policy",
      "name": "greeter_policy",
      "provider": "provider[\"registry.terraform.io/hashicorp/aws\"].eu_west_1",
      "instances": [
        {
          "schema_version": 0,
          "attributes": {
            "id": "greeter-role-eu-west-1:terraform-20260303100937041200000002",
            "name": "terraform-20260303100937041200000002",
            "name_prefix": "terraform-",
            "policy": "{\"Version\":\"2012-10-17\",\"Statement\":[{\"Action\":[\"dynamodb:PutItem\"],\"Effect\":\"Allow\",\"Resource\":\"arn:aws:dynamodb:eu-west-1:263274769945:table/GreetingLogs\"},{\"Action\":[\"sns:Publish\"],\"Effect\":\"Allow\",\"Resource\":\"arn:aws:sns:us-east-1:263274769945:sns-test\"},{\"Action\":[\"logs:CreateLogGroup\",\"logs:CreateLogStream\",\"logs:PutLogEvents\"],\"Effect\":\"Allow\",\"Resource\":\"arn:aws:logs:eu-west-1:263274769945:*\"}]}",
            "role": "greeter-role-eu-west-1"
          },
          "sensitive_attributes": [],
          "identity_schema_version": 0,
          "private": "bnVsbA==",
          "dependencies": [
            "module.compute_eu.aws_dynamodb_table.greetings",
            "module.compute_eu.aws_iam_role.greeter_role",
            "module.compute_eu.data.aws_caller_identity.current"
          ]
        }
      ]
    },
    {
      "module": "module.compute_eu",
      "mode": "managed",
      "type": "aws_lambda_function",
      "name": "dispatcher",
      "provider": "provider[\"registry.terraform.io/hashicorp/aws\"].eu_west_1",
      "instances": [
        {
          "schema_version": 0,
          "attributes": {
            "architectures": [
              "x86_64"
            ],
            "arn": "arn:aws:lambda:eu-west-1:263274769945:function:dispatcher-lambda",
            "code_signing_config_arn": "",
            "dead_letter_config": [],
            "description": "",
            "environment": [
              {
                "variables": {
                  "DEFAULT_SG": "sg-048ecf4f3ba09729d",
                  "DEFAULT_SUBNETS": "subnet-0bc3412d943aa9174,subnet-0e0e787614caed87c,subnet-03457fdf11791de33",
                  "ECS_CLUSTER_NAME": "dispatcher-ecs-cluster",
                  "EMAIL": "ghassen.cherni@gmail.com",
                  "REGION": "eu-west-1",
                  "REPO": "https://github.com/ghassenromdhani83/aws-assessment",
                  "SNS_TOPIC": "arn:aws:sns:us-east-1:263274769945:sns-test",
                  "TASK_DEFINITION": "dispatcher-task"
                }
              }
            ],
            "ephemeral_storage": [
              {
                "size": 512
              }
            ],
            "file_system_config": [],
            "filename": "modules/compute/lambda_dispatcher/lambda.zip",
            "function_name": "dispatcher-lambda",
            "handler": "handler.handler",
            "id": "dispatcher-lambda",
            "image_config": [],
            "image_uri": "",
            "invoke_arn": "arn:aws:apigateway:eu-west-1:lambda:path/2015-03-31/functions/arn:aws:lambda:eu-west-1:263274769945:function:dispatcher-lambda/invocations",
            "kms_key_arn": "",
            "last_modified": "2026-03-03T11:03:41.000+0000",
            "layers": [],
            "logging_config": [
              {
                "application_log_level": "",
                "log_format": "Text",
                "log_group": "/aws/lambda/dispatcher-lambda",
                "system_log_level": ""
              }
            ],
            "memory_size": 128,
            "package_type": "Zip",
            "publish": false,
            "qualified_arn": "arn:aws:lambda:eu-west-1:263274769945:function:dispatcher-lambda:$LATEST",
            "qualified_invoke_arn": "arn:aws:apigateway:eu-west-1:lambda:path/2015-03-31/functions/arn:aws:lambda:eu-west-1:263274769945:function:dispatcher-lambda:$LATEST/invocations",
            "replace_security_groups_on_destroy": null,
            "replacement_security_group_ids": null,
            "reserved_concurrent_executions": -1,
            "role": "arn:aws:iam::263274769945:role/dispatcher-role-eu-west-1",
            "runtime": "python3.11",
            "s3_bucket": null,
            "s3_key": null,
            "s3_object_version": null,
            "signing_job_arn": "",
            "signing_profile_version_arn": "",
            "skip_destroy": false,
            "snap_start": [],
            "source_code_hash": "bajUlHXwPOySv1TVa8sjhsL05QodSULrThkgds/U1DQ=",
            "source_code_size": 893,
            "tags": {},
            "tags_all": {},
            "timeout": 3,
            "timeouts": null,
            "tracing_config": [
              {
                "mode": "PassThrough"
              }
            ],
            "version": "$LATEST",
            "vpc_config": []
          },
          "sensitive_attributes": [],
          "identity_schema_version": 0,
          "private": "eyJlMmJmYjczMC1lY2FhLTExZTYtOGY4OC0zNDM2M2JjN2M0YzAiOnsiY3JlYXRlIjo2MDAwMDAwMDAwMDAsImRlbGV0ZSI6NjAwMDAwMDAwMDAwLCJ1cGRhdGUiOjYwMDAwMDAwMDAwMH19",
          "dependencies": [
            "module.compute_eu.aws_ecs_cluster.dispatcher_cluster",
            "module.compute_eu.aws_ecs_task_definition.dispatcher_task",
            "module.compute_eu.aws_iam_role.dispatcher_role",
            "module.compute_eu.aws_iam_role.ecs_task_role",
            "module.compute_eu.data.archive_file.dispatcher_lambda",
            "module.compute_eu.data.aws_security_group.default",
            "module.compute_eu.data.aws_subnets.default_public",
            "module.compute_eu.data.aws_vpc.default"
          ]
        }
      ]
    },
    {
      "module": "module.compute_eu",
      "mode": "managed",
      "type": "aws_lambda_function",
      "name": "greeter",
      "provider": "provider[\"registry.terraform.io/hashicorp/aws\"].eu_west_1",
      "instances": [
        {
          "schema_version": 0,
          "attributes": {
            "architectures": [
              "x86_64"
            ],
            "arn": "arn:aws:lambda:eu-west-1:263274769945:function:greeter-lambda",
            "code_signing_config_arn": "",
            "dead_letter_config": [],
            "description": "",
            "environment": [
              {
                "variables": {
                  "EMAIL": "ghassen.cherni@gmail.com",
                  "REGION": "eu-west-1",
                  "REPO": "https://github.com/ghassenromdhani83/aws-assessment",
                  "SNS_TOPIC": "arn:aws:sns:us-east-1:263274769945:sns-test",
                  "TABLE_NAME": "GreetingLogs"
                }
              }
            ],
            "ephemeral_storage": [
              {
                "size": 512
              }
            ],
            "file_system_config": [],
            "filename": "modules/compute/lambda_greeter/lambda.zip",
            "function_name": "greeter-lambda",
            "handler": "handler.handler",
            "id": "greeter-lambda",
            "image_config": [],
            "image_uri": "",
            "invoke_arn": "arn:aws:apigateway:eu-west-1:lambda:path/2015-03-31/functions/arn:aws:lambda:eu-west-1:263274769945:function:greeter-lambda/invocations",
            "kms_key_arn": "",
            "last_modified": "2026-03-03T13:11:12.000+0000",
            "layers": [],
            "logging_config": [
              {
                "application_log_level": "",
                "log_format": "Text",
                "log_group": "/aws/lambda/greeter-lambda",
                "system_log_level": ""
              }
            ],
            "memory_size": 128,
            "package_type": "Zip",
            "publish": false,
            "qualified_arn": "arn:aws:lambda:eu-west-1:263274769945:function:greeter-lambda:$LATEST",
            "qualified_invoke_arn": "arn:aws:apigateway:eu-west-1:lambda:path/2015-03-31/functions/arn:aws:lambda:eu-west-1:263274769945:function:greeter-lambda:$LATEST/invocations",
            "replace_security_groups_on_destroy": null,
            "replacement_security_group_ids": null,
            "reserved_concurrent_executions": -1,
            "role": "arn:aws:iam::263274769945:role/greeter-role-eu-west-1",
            "runtime": "python3.11",
            "s3_bucket": null,
            "s3_key": null,
            "s3_object_version": null,
            "signing_job_arn": "",
            "signing_profile_version_arn": "",
            "skip_destroy": false,
            "snap_start": [],
            "source_code_hash": "R0Q5rZDBeX1t/BbChUTkFpicj8UB0r1WJJ49s5TkPHU=",
            "source_code_size": 628,
            "tags": {},
            "tags_all": {},
            "timeout": 3,
            "timeouts": null,
            "tracing_config": [
              {
                "mode": "PassThrough"
              }
            ],
            "version": "$LATEST",
            "vpc_config": []
          },
          "sensitive_attributes": [],
          "identity_schema_version": 0,
          "private": "eyJlMmJmYjczMC1lY2FhLTExZTYtOGY4OC0zNDM2M2JjN2M0YzAiOnsiY3JlYXRlIjo2MDAwMDAwMDAwMDAsImRlbGV0ZSI6NjAwMDAwMDAwMDAwLCJ1cGRhdGUiOjYwMDAwMDAwMDAwMH19",
          "dependencies": [
            "module.compute_eu.aws_dynamodb_table.greetings",
            "module.compute_eu.aws_iam_role.greeter_role",
            "module.compute_eu.data.archive_file.greeter_lambda"
          ]
        }
      ]
    },
    {
      "module": "module.compute_eu",
      "mode": "managed",
      "type": "aws_lambda_permission",
      "name": "api_gateway_dispatcher",
      "provider": "provider[\"registry.terraform.io/hashicorp/aws\"].eu_west_1",
      "instances": [
        {
          "schema_version": 0,
          "attributes": {
            "action": "lambda:InvokeFunction",
            "event_source_token": null,
            "function_name": "dispatcher-lambda",
            "function_url_auth_type": null,
            "id": "AllowAPIGatewayInvokeDispatcher",
            "principal": "apigateway.amazonaws.com",
            "principal_org_id": null,
            "qualifier": "",
            "source_account": null,
            "source_arn": "arn:aws:execute-api:eu-west-1:263274769945:akmyxa482a/*/*",
            "statement_id": "AllowAPIGatewayInvokeDispatcher",
            "statement_id_prefix": ""
          },
          "sensitive_attributes": [],
          "identity_schema_version": 0,
          "private": "bnVsbA==",
          "dependencies": [
            "module.compute_eu.aws_apigatewayv2_api.api",
            "module.compute_eu.aws_ecs_cluster.dispatcher_cluster",
            "module.compute_eu.aws_ecs_task_definition.dispatcher_task",
            "module.compute_eu.aws_iam_role.dispatcher_role",
            "module.compute_eu.aws_iam_role.ecs_task_role",
            "module.compute_eu.aws_lambda_function.dispatcher",
            "module.compute_eu.data.archive_file.dispatcher_lambda",
            "module.compute_eu.data.aws_security_group.default",
            "module.compute_eu.data.aws_subnets.default_public",
            "module.compute_eu.data.aws_vpc.default"
          ]
        }
      ]
    },
    {
      "module": "module.compute_eu",
      "mode": "managed",
      "type": "aws_lambda_permission",
      "name": "api_gateway_greeter",
      "provider": "provider[\"registry.terraform.io/hashicorp/aws\"].eu_west_1",
      "instances": [
        {
          "schema_version": 0,
          "attributes": {
            "action": "lambda:InvokeFunction",
            "event_source_token": null,
            "function_name": "greeter-lambda",
            "function_url_auth_type": null,
            "id": "AllowAPIGatewayInvokeGreeter",
            "principal": "apigateway.amazonaws.com",
            "principal_org_id": null,
            "qualifier": "",
            "source_account": null,
            "source_arn": "arn:aws:execute-api:eu-west-1:263274769945:akmyxa482a/*/*",
            "statement_id": "AllowAPIGatewayInvokeGreeter",
            "statement_id_prefix": ""
          },
          "sensitive_attributes": [],
          "identity_schema_version": 0,
          "private": "bnVsbA==",
          "dependencies": [
            "module.compute_eu.aws_apigatewayv2_api.api",
            "module.compute_eu.aws_dynamodb_table.greetings",
            "module.compute_eu.aws_iam_role.greeter_role",
            "module.compute_eu.aws_lambda_function.greeter",
            "module.compute_eu.data.archive_file.greeter_lambda"
          ]
        }
      ]
    },
    {
      "module": "module.compute_us",
      "mode": "data",
      "type": "archive_file",
      "name": "dispatcher_lambda",
      "provider": "provider[\"registry.terraform.io/hashicorp/archive\"]",
      "instances": [
        {
          "schema_version": 0,
          "attributes": {
            "exclude_symlink_directories": null,
            "excludes": null,
            "id": "b58900dfb8e835b4258b13b9214177eb6e019648",
            "output_base64sha256": "bajUlHXwPOySv1TVa8sjhsL05QodSULrThkgds/U1DQ=",
            "output_base64sha512": "RhPAc3jbKLxwM0iPHDnjJHfzwvgNeNqHa9UCfJv+9xspqfErfV7sgzbG6WhECTqrfLMGtKIddZJWmD4RhjvhQA==",
            "output_file_mode": null,
            "output_md5": "d2cb747c8662086ba7cbed3366e81494",
            "output_path": "modules/compute/lambda_dispatcher/lambda.zip",
            "output_sha": "b58900dfb8e835b4258b13b9214177eb6e019648",
            "output_sha256": "6da8d49475f03cec92bf54d56bcb2386c2f4e50a1d4942eb4e192076cfd4d434",
            "output_sha512": "4613c07378db28bc7033488f1c39e32477f3c2f80d78da876bd5027c9bfef71b29a9f12b7d5eec8336c6e96844093aab7cb306b4a21d759256983e11863be140",
            "output_size": 893,
            "source": [],
            "source_content": null,
            "source_content_filename": null,
            "source_dir": null,
            "source_file": "modules/compute/lambda_dispatcher/handler.py",
            "type": "zip"
          },
          "sensitive_attributes": [],
          "identity_schema_version": 0
        }
      ]
    },
    {
      "module": "module.compute_us",
      "mode": "data",
      "type": "archive_file",
      "name": "greeter_lambda",
      "provider": "provider[\"registry.terraform.io/hashicorp/archive\"]",
      "instances": [
        {
          "schema_version": 0,
          "attributes": {
            "exclude_symlink_directories": null,
            "excludes": null,
            "id": "c18f034f3a39d224a3236629409c11d3cdff09f4",
            "output_base64sha256": "R0Q5rZDBeX1t/BbChUTkFpicj8UB0r1WJJ49s5TkPHU=",
            "output_base64sha512": "sYw2pVHf4NgP5AqcsX8S/gaBoB+Q93wZlKH3QfHYFlSTs0xzkFAEMStBMB0WoXVWTjWa6yR3TUnXGCKgOIAhXA==",
            "output_file_mode": null,
            "output_md5": "f5b6c19f0ddb611386c82f679d13c20b",
            "output_path": "modules/compute/lambda_greeter/lambda.zip",
            "output_sha": "c18f034f3a39d224a3236629409c11d3cdff09f4",
            "output_sha256": "474439ad90c1797d6dfc16c28544e416989c8fc501d2bd56249e3db394e43c75",
            "output_sha512": "b18c36a551dfe0d80fe40a9cb17f12fe0681a01f90f77c1994a1f741f1d8165493b34c73905004312b41301d16a175564e359aeb24774d49d71822a03880215c",
            "output_size": 628,
            "source": [],
            "source_content": null,
            "source_content_filename": null,
            "source_dir": null,
            "source_file": "modules/compute/lambda_greeter/handler.py",
            "type": "zip"
          },
          "sensitive_attributes": [],
          "identity_schema_version": 0
        }
      ]
    },
    {
      "module": "module.compute_us",
      "mode": "data",
      "type": "aws_caller_identity",
      "name": "current",
      "provider": "provider[\"registry.terraform.io/hashicorp/aws\"].us_east_1",
      "instances": [
        {
          "schema_version": 0,
          "attributes": {
            "account_id": "263274769945",
            "arn": "arn:aws:sts::263274769945:assumed-role/AWSReservedSSO_AdministratorAccess_21a35c43f1bba4ff/ghassen.cherni@pricemoov.com",
            "id": "263274769945",
            "user_id": "AROAT2TDGFYMVJIPVAN66:ghassen.cherni@pricemoov.com"
          },
          "sensitive_attributes": [],
          "identity_schema_version": 0
        }
      ]
    },
    {
      "module": "module.compute_us",
      "mode": "data",
      "type": "aws_security_group",
      "name": "default",
      "provider": "provider[\"registry.terraform.io/hashicorp/aws\"].us_east_1",
      "instances": [
        {
          "schema_version": 0,
          "attributes": {
            "arn": "arn:aws:ec2:us-east-1:263274769945:security-group/sg-0b58230b195e1a3a4",
            "description": "default VPC security group",
            "filter": null,
            "id": "sg-0b58230b195e1a3a4",
            "name": "default",
            "tags": {},
            "timeouts": null,
            "vpc_id": "vpc-03fb27c1460a27b2a"
          },
          "sensitive_attributes": [],
          "identity_schema_version": 0
        }
      ]
    },
    {
      "module": "module.compute_us",
      "mode": "data",
      "type": "aws_subnets",
      "name": "default_public",
      "provider": "provider[\"registry.terraform.io/hashicorp/aws\"].us_east_1",
      "instances": [
        {
          "schema_version": 0,
          "attributes": {
            "filter": [
              {
                "name": "vpc-id",
                "values": [
                  "vpc-03fb27c1460a27b2a"
                ]
              }
            ],
            "id": "us-east-1",
            "ids": [
              "subnet-04767d1898752825c",
              "subnet-0917b8b7f8dc40722",
              "subnet-0b6a87373b37af112",
              "subnet-0e5454aa566f05797",
              "subnet-08c9578941326c901",
              "subnet-09e1df98a1fe7c4a4"
            ],
            "tags": null,
            "timeouts": null
          },
          "sensitive_attributes": [],
          "identity_schema_version": 0
        }
      ]
    },
    {
      "module": "module.compute_us",
      "mode": "data",
      "type": "aws_vpc",
      "name": "default",
      "provider": "provider[\"registry.terraform.io/hashicorp/aws\"].us_east_1",
      "instances": [
        {
          "schema_version": 0,
          "attributes": {
            "arn": "arn:aws:ec2:us-east-1:263274769945:vpc/vpc-03fb27c1460a27b2a",
            "cidr_block": "172.31.0.0/16",
            "cidr_block_associations": [
              {
                "association_id": "vpc-cidr-assoc-0f944bafe3f5d5f6d",
                "cidr_block": "172.31.0.0/16",
                "state": "associated"
              }
            ],
            "default": true,
            "dhcp_options_id": "dopt-570fbb2d",
            "enable_dns_hostnames": true,
            "enable_dns_support": true,
            "enable_network_address_usage_metrics": false,
            "filter": null,
            "id": "vpc-03fb27c1460a27b2a",
            "instance_tenancy": "default",
            "ipv6_association_id": "",
            "ipv6_cidr_block": "",
            "main_route_table_id": "rtb-0d6bcec472007e0dc",
            "owner_id": "263274769945",
            "state": null,
            "tags": {},
            "timeouts": null
          },
          "sensitive_attributes": [],
          "identity_schema_version": 0
        }
      ]
    },
    {
      "module": "module.compute_us",
      "mode": "managed",
      "type": "aws_apigatewayv2_api",
      "name": "api",
      "provider": "provider[\"registry.terraform.io/hashicorp/aws\"].us_east_1",
      "instances": [
        {
          "schema_version": 0,
          "attributes": {
            "api_endpoint": "https://qklpvjc1gd.execute-api.us-east-1.amazonaws.com",
            "api_key_selection_expression": "$request.header.x-api-key",
            "arn": "arn:aws:apigateway:us-east-1::/apis/qklpvjc1gd",
            "body": null,
            "cors_configuration": [],
            "credentials_arn": null,
            "description": "",
            "disable_execute_api_endpoint": false,
            "execution_arn": "arn:aws:execute-api:us-east-1:263274769945:qklpvjc1gd",
            "fail_on_warnings": null,
            "id": "qklpvjc1gd",
            "name": "test-api",
            "protocol_type": "HTTP",
            "route_key": null,
            "route_selection_expression": "$request.method $request.path",
            "tags": {},
            "tags_all": {},
            "target": null,
            "version": ""
          },
          "sensitive_attributes": [],
          "identity_schema_version": 0,
          "private": "bnVsbA=="
        }
      ]
    },
    {
      "module": "module.compute_us",
      "mode": "managed",
      "type": "aws_apigatewayv2_authorizer",
      "name": "cognito",
      "provider": "provider[\"registry.terraform.io/hashicorp/aws\"].us_east_1",
      "instances": [
        {
          "schema_version": 0,
          "attributes": {
            "api_id": "qklpvjc1gd",
            "authorizer_credentials_arn": "",
            "authorizer_payload_format_version": "",
            "authorizer_result_ttl_in_seconds": 0,
            "authorizer_type": "JWT",
            "authorizer_uri": "",
            "enable_simple_responses": false,
            "id": "u5wsj7",
            "identity_sources": [
              "$request.header.Authorization"
            ],
            "jwt_configuration": [
              {
                "audience": [
                  "65qoqk249vvq5bbm8f9plov3k"
                ],
                "issuer": "https://cognito-idp.us-east-1.amazonaws.com/us-east-1_xUJVi1JuW"
              }
            ],
            "name": "cognito-jwt-authorizer"
          },
          "sensitive_attributes": [],
          "identity_schema_version": 0,
          "private": "bnVsbA==",
          "dependencies": [
            "module.cognito.aws_cognito_user_pool.user_pool",
            "module.cognito.aws_cognito_user_pool_client.user_pool_client",
            "module.compute_us.aws_apigatewayv2_api.api"
          ]
        }
      ]
    },
    {
      "module": "module.compute_us",
      "mode": "managed",
      "type": "aws_apigatewayv2_integration",
      "name": "dispatcher",
      "provider": "provider[\"registry.terraform.io/hashicorp/aws\"].us_east_1",
      "instances": [
        {
          "schema_version": 0,
          "attributes": {
            "api_id": "qklpvjc1gd",
            "connection_id": "",
            "connection_type": "INTERNET",
            "content_handling_strategy": "",
            "credentials_arn": "",
            "description": "",
            "id": "c4ww4zp",
            "integration_method": "POST",
            "integration_response_selection_expression": "",
            "integration_subtype": "",
            "integration_type": "AWS_PROXY",
            "integration_uri": "arn:aws:apigateway:us-east-1:lambda:path/2015-03-31/functions/arn:aws:lambda:us-east-1:263274769945:function:dispatcher-lambda/invocations",
            "passthrough_behavior": "",
            "payload_format_version": "2.0",
            "request_parameters": {},
            "request_templates": {},
            "response_parameters": [],
            "template_selection_expression": "",
            "timeout_milliseconds": 30000,
            "tls_config": []
          },
          "sensitive_attributes": [],
          "identity_schema_version": 0,
          "private": "bnVsbA==",
          "dependencies": [
            "module.compute_us.aws_apigatewayv2_api.api",
            "module.compute_us.aws_ecs_cluster.dispatcher_cluster",
            "module.compute_us.aws_ecs_task_definition.dispatcher_task",
            "module.compute_us.aws_iam_role.dispatcher_role",
            "module.compute_us.aws_iam_role.ecs_task_role",
            "module.compute_us.aws_lambda_function.dispatcher",
            "module.compute_us.data.archive_file.dispatcher_lambda",
            "module.compute_us.data.aws_security_group.default",
            "module.compute_us.data.aws_subnets.default_public",
            "module.compute_us.data.aws_vpc.default"
          ]
        }
      ]
    },
    {
      "module": "module.compute_us",
      "mode": "managed",
      "type": "aws_apigatewayv2_integration",
      "name": "greeter",
      "provider": "provider[\"registry.terraform.io/hashicorp/aws\"].us_east_1",
      "instances": [
        {
          "schema_version": 0,
          "attributes": {
            "api_id": "qklpvjc1gd",
            "connection_id": "",
            "connection_type": "INTERNET",
            "content_handling_strategy": "",
            "credentials_arn": "",
            "description": "",
            "id": "lmehdpo",
            "integration_method": "POST",
            "integration_response_selection_expression": "",
            "integration_subtype": "",
            "integration_type": "AWS_PROXY",
            "integration_uri": "arn:aws:apigateway:us-east-1:lambda:path/2015-03-31/functions/arn:aws:lambda:us-east-1:263274769945:function:greeter-lambda/invocations",
            "passthrough_behavior": "",
            "payload_format_version": "2.0",
            "request_parameters": {},
            "request_templates": {},
            "response_parameters": [],
            "template_selection_expression": "",
            "timeout_milliseconds": 30000,
            "tls_config": []
          },
          "sensitive_attributes": [],
          "identity_schema_version": 0,
          "private": "bnVsbA==",
          "dependencies": [
            "module.compute_us.aws_apigatewayv2_api.api",
            "module.compute_us.aws_dynamodb_table.greetings",
            "module.compute_us.aws_iam_role.greeter_role",
            "module.compute_us.aws_lambda_function.greeter",
            "module.compute_us.data.archive_file.greeter_lambda"
          ]
        }
      ]
    },
    {
      "module": "module.compute_us",
      "mode": "managed",
      "type": "aws_apigatewayv2_route",
      "name": "dispatch",
      "provider": "provider[\"registry.terraform.io/hashicorp/aws\"].us_east_1",
      "instances": [
        {
          "schema_version": 0,
          "attributes": {
            "api_id": "qklpvjc1gd",
            "api_key_required": false,
            "authorization_scopes": [],
            "authorization_type": "JWT",
            "authorizer_id": "u5wsj7",
            "id": "vv26bmp",
            "model_selection_expression": "",
            "operation_name": "",
            "request_models": {},
            "request_parameter": [],
            "route_key": "POST /dispatch",
            "route_response_selection_expression": "",
            "target": "integrations/c4ww4zp"
          },
          "sensitive_attributes": [],
          "identity_schema_version": 0,
          "private": "bnVsbA==",
          "dependencies": [
            "module.cognito.aws_cognito_user_pool.user_pool",
            "module.cognito.aws_cognito_user_pool_client.user_pool_client",
            "module.compute_us.aws_apigatewayv2_api.api",
            "module.compute_us.aws_apigatewayv2_authorizer.cognito",
            "module.compute_us.aws_apigatewayv2_integration.dispatcher",
            "module.compute_us.aws_ecs_cluster.dispatcher_cluster",
            "module.compute_us.aws_ecs_task_definition.dispatcher_task",
            "module.compute_us.aws_iam_role.dispatcher_role",
            "module.compute_us.aws_iam_role.ecs_task_role",
            "module.compute_us.aws_lambda_function.dispatcher",
            "module.compute_us.data.archive_file.dispatcher_lambda",
            "module.compute_us.data.aws_security_group.default",
            "module.compute_us.data.aws_subnets.default_public",
            "module.compute_us.data.aws_vpc.default"
          ]
        }
      ]
    },
    {
      "module": "module.compute_us",
      "mode": "managed",
      "type": "aws_apigatewayv2_route",
      "name": "greet",
      "provider": "provider[\"registry.terraform.io/hashicorp/aws\"].us_east_1",
      "instances": [
        {
          "schema_version": 0,
          "attributes": {
            "api_id": "qklpvjc1gd",
            "api_key_required": false,
            "authorization_scopes": [],
            "authorization_type": "JWT",
            "authorizer_id": "u5wsj7",
            "id": "dh2yo5o",
            "model_selection_expression": "",
            "operation_name": "",
            "request_models": {},
            "request_parameter": [],
            "route_key": "GET /greet",
            "route_response_selection_expression": "",
            "target": "integrations/lmehdpo"
          },
          "sensitive_attributes": [],
          "identity_schema_version": 0,
          "private": "bnVsbA==",
          "dependencies": [
            "module.cognito.aws_cognito_user_pool.user_pool",
            "module.cognito.aws_cognito_user_pool_client.user_pool_client",
            "module.compute_us.aws_apigatewayv2_api.api",
            "module.compute_us.aws_apigatewayv2_authorizer.cognito",
            "module.compute_us.aws_apigatewayv2_integration.greeter",
            "module.compute_us.aws_dynamodb_table.greetings",
            "module.compute_us.aws_iam_role.greeter_role",
            "module.compute_us.aws_lambda_function.greeter",
            "module.compute_us.data.archive_file.greeter_lambda"
          ]
        }
      ]
    },
    {
      "module": "module.compute_us",
      "mode": "managed",
      "type": "aws_apigatewayv2_stage",
      "name": "default",
      "provider": "provider[\"registry.terraform.io/hashicorp/aws\"].us_east_1",
      "instances": [
        {
          "schema_version": 0,
          "attributes": {
            "access_log_settings": [],
            "api_id": "qklpvjc1gd",
            "arn": "arn:aws:apigateway:us-east-1::/apis/qklpvjc1gd/stages/$default",
            "auto_deploy": true,
            "client_certificate_id": "",
            "default_route_settings": [
              {
                "data_trace_enabled": false,
                "detailed_metrics_enabled": false,
                "logging_level": "",
                "throttling_burst_limit": 0,
                "throttling_rate_limit": 0
              }
            ],
            "deployment_id": "mbidcv",
            "description": "",
            "execution_arn": "arn:aws:execute-api:us-east-1:263274769945:qklpvjc1gd/$default",
            "id": "$default",
            "invoke_url": "https://qklpvjc1gd.execute-api.us-east-1.amazonaws.com/",
            "name": "$default",
            "route_settings": [],
            "stage_variables": {},
            "tags": {},
            "tags_all": {}
          },
          "sensitive_attributes": [],
          "identity_schema_version": 0,
          "private": "bnVsbA==",
          "dependencies": [
            "module.compute_us.aws_apigatewayv2_api.api"
          ]
        }
      ]
    },
    {
      "module": "module.compute_us",
      "mode": "managed",
      "type": "aws_dynamodb_table",
      "name": "greetings",
      "provider": "provider[\"registry.terraform.io/hashicorp/aws\"].us_east_1",
      "instances": [
        {
          "schema_version": 1,
          "attributes": {
            "arn": "arn:aws:dynamodb:us-east-1:263274769945:table/GreetingLogs",
            "attribute": [
              {
                "name": "id",
                "type": "S"
              }
            ],
            "billing_mode": "PAY_PER_REQUEST",
            "deletion_protection_enabled": false,
            "global_secondary_index": [],
            "hash_key": "id",
            "id": "GreetingLogs",
            "import_table": [],
            "local_secondary_index": [],
            "name": "GreetingLogs",
            "point_in_time_recovery": [
              {
                "enabled": false
              }
            ],
            "range_key": null,
            "read_capacity": 0,
            "replica": [],
            "restore_date_time": null,
            "restore_source_name": null,
            "restore_to_latest_time": null,
            "server_side_encryption": [],
            "stream_arn": "",
            "stream_enabled": false,
            "stream_label": "",
            "stream_view_type": "",
            "table_class": "STANDARD",
            "tags": {},
            "tags_all": {},
            "timeouts": null,
            "ttl": [
              {
                "attribute_name": "",
                "enabled": false
              }
            ],
            "write_capacity": 0
          },
          "sensitive_attributes": [],
          "identity_schema_version": 0,
          "private": "eyJlMmJmYjczMC1lY2FhLTExZTYtOGY4OC0zNDM2M2JjN2M0YzAiOnsiY3JlYXRlIjoxODAwMDAwMDAwMDAwLCJkZWxldGUiOjYwMDAwMDAwMDAwMCwidXBkYXRlIjozNjAwMDAwMDAwMDAwfSwic2NoZW1hX3ZlcnNpb24iOiIxIn0="
        }
      ]
    },
    {
      "module": "module.compute_us",
      "mode": "managed",
      "type": "aws_ecs_cluster",
      "name": "dispatcher_cluster",
      "provider": "provider[\"registry.terraform.io/hashicorp/aws\"].us_east_1",
      "instances": [
        {
          "schema_version": 0,
          "attributes": {
            "arn": "arn:aws:ecs:us-east-1:263274769945:cluster/dispatcher-ecs-cluster",
            "configuration": [],
            "id": "arn:aws:ecs:us-east-1:263274769945:cluster/dispatcher-ecs-cluster",
            "name": "dispatcher-ecs-cluster",
            "service_connect_defaults": [],
            "setting": [
              {
                "name": "containerInsights",
                "value": "disabled"
              }
            ],
            "tags": {},
            "tags_all": {}
          },
          "sensitive_attributes": [],
          "identity_schema_version": 0,
          "private": "bnVsbA=="
        }
      ]
    },
    {
      "module": "module.compute_us",
      "mode": "managed",
      "type": "aws_ecs_task_definition",
      "name": "dispatcher_task",
      "provider": "provider[\"registry.terraform.io/hashicorp/aws\"].us_east_1",
      "instances": [
        {
          "schema_version": 1,
          "attributes": {
            "arn": "arn:aws:ecs:us-east-1:263274769945:task-definition/dispatcher-task:1",
            "arn_without_revision": "arn:aws:ecs:us-east-1:263274769945:task-definition/dispatcher-task",
            "container_definitions": "[{\"command\":[\"sh\",\"-c\",\"aws sns publish --topic-arn $SNS_TOPIC --message '{\\\"email\\\":\\\"$EMAIL\\\",\\\"source\\\":\\\"ECS\\\",\\\"region\\\":\\\"$REGION\\\",\\\"repo\\\":\\\"$REPO\\\"}'\"],\"cpu\":0,\"environment\":[{\"name\":\"EMAIL\",\"value\":\"ghassen.cherni@gmail.com\"},{\"name\":\"REGION\",\"value\":\"us-east-1\"},{\"name\":\"REPO\",\"value\":\"https://github.com/ghassenromdhani83/aws-assessment\"},{\"name\":\"SNS_TOPIC\",\"value\":\"arn:aws:sns:us-east-1:263274769945:sns-test\"}],\"essential\":true,\"image\":\"amazon/aws-cli:latest\",\"logConfiguration\":{\"logDriver\":\"awslogs\",\"options\":{\"awslogs-group\":\"/ecs/dispatcher-task\",\"awslogs-region\":\"us-east-1\",\"awslogs-stream-prefix\":\"ecs\"}},\"mountPoints\":[],\"name\":\"dispatcher-container\",\"portMappings\":[],\"systemControls\":[],\"volumesFrom\":[]}]",
            "cpu": "256",
            "ephemeral_storage": [],
            "execution_role_arn": "arn:aws:iam::263274769945:role/dispatcher-ecs-task-role-us-east-1",
            "family": "dispatcher-task",
            "id": "dispatcher-task",
            "inference_accelerator": [],
            "ipc_mode": "",
            "memory": "512",
            "network_mode": "awsvpc",
            "pid_mode": "",
            "placement_constraints": [],
            "proxy_configuration": [],
            "requires_compatibilities": [
              "FARGATE"
            ],
            "revision": 1,
            "runtime_platform": [],
            "skip_destroy": false,
            "tags": {},
            "tags_all": {},
            "task_role_arn": "arn:aws:iam::263274769945:role/dispatcher-ecs-task-role-us-east-1",
            "volume": []
          },
          "sensitive_attributes": [],
          "identity_schema_version": 0,
          "private": "eyJzY2hlbWFfdmVyc2lvbiI6IjEifQ==",
          "dependencies": [
            "module.compute_us.aws_iam_role.ecs_task_role"
          ]
        }
      ]
    },
    {
      "module": "module.compute_us",
      "mode": "managed",
      "type": "aws_iam_role",
      "name": "dispatcher_role",
      "provider": "provider[\"registry.terraform.io/hashicorp/aws\"].us_east_1",
      "instances": [
        {
          "schema_version": 0,
          "attributes": {
            "arn": "arn:aws:iam::263274769945:role/dispatcher-role-us-east-1",
            "assume_role_policy": "{\"Statement\":[{\"Action\":\"sts:AssumeRole\",\"Effect\":\"Allow\",\"Principal\":{\"Service\":\"lambda.amazonaws.com\"}}],\"Version\":\"2012-10-17\"}",
            "create_date": "2026-03-03T10:09:30Z",
            "description": "",
            "force_detach_policies": false,
            "id": "dispatcher-role-us-east-1",
            "inline_policy": [
              {
                "name": "terraform-20260303100942177500000003",
                "policy": "{\"Version\":\"2012-10-17\",\"Statement\":[{\"Action\":[\"ecs:RunTask\"],\"Effect\":\"Allow\",\"Resource\":[\"arn:aws:ecs:us-east-1:263274769945:task-definition/dispatcher-task:1:*\",\"arn:aws:ecs:us-east-1:263274769945:task-definition/dispatcher-task:1\"]},{\"Action\":[\"sns:Publish\"],\"Effect\":\"Allow\",\"Resource\":\"arn:aws:sns:us-east-1:263274769945:sns-test\"},{\"Action\":[\"iam:PassRole\"],\"Effect\":\"Allow\",\"Resource\":\"arn:aws:iam::263274769945:role/dispatcher-ecs-task-role-us-east-1\"},{\"Action\":[\"logs:CreateLogGroup\",\"logs:CreateLogStream\",\"logs:PutLogEvents\"],\"Effect\":\"Allow\",\"Resource\":\"arn:aws:logs:us-east-1:263274769945:*\"}]}"
              }
            ],
            "managed_policy_arns": [],
            "max_session_duration": 3600,
            "name": "dispatcher-role-us-east-1",
            "name_prefix": "",
            "path": "/",
            "permissions_boundary": "",
            "tags": {},
            "tags_all": {},
            "unique_id": "AROAT2TDGFYMR4PDC64UJ"
          },
          "sensitive_attributes": [],
          "identity_schema_version": 0,
          "private": "bnVsbA=="
        }
      ]
    },
    {
      "module": "module.compute_us",
      "mode": "managed",
      "type": "aws_iam_role",
      "name": "ecs_task_role",
      "provider": "provider[\"registry.terraform.io/hashicorp/aws\"].us_east_1",
      "instances": [
        {
          "schema_version": 0,
          "attributes": {
            "arn": "arn:aws:iam::263274769945:role/dispatcher-ecs-task-role-us-east-1",
            "assume_role_policy": "{\"Statement\":[{\"Action\":\"sts:AssumeRole\",\"Effect\":\"Allow\",\"Principal\":{\"Service\":\"ecs-tasks.amazonaws.com\"}}],\"Version\":\"2012-10-17\"}",
            "create_date": "2026-03-03T10:09:30Z",
            "description": "",
            "force_detach_policies": false,
            "id": "dispatcher-ecs-task-role-us-east-1",
            "inline_policy": [
              {
                "name": "terraform-20260303100930791500000001",
                "policy": "{\"Version\":\"2012-10-17\",\"Statement\":[{\"Action\":[\"sns:Publish\"],\"Effect\":\"Allow\",\"Resource\":\"arn:aws:sns:us-east-1:263274769945:sns-test\"},{\"Action\":[\"logs:CreateLogGroup\",\"logs:CreateLogStream\",\"logs:PutLogEvents\"],\"Effect\":\"Allow\",\"Resource\":\"*\"}]}"
              }
            ],
            "managed_policy_arns": [],
            "max_session_duration": 3600,
            "name": "dispatcher-ecs-task-role-us-east-1",
            "name_prefix": "",
            "path": "/",
            "permissions_boundary": "",
            "tags": {},
            "tags_all": {},
            "unique_id": "AROAT2TDGFYMRLXHRUG4N"
          },
          "sensitive_attributes": [],
          "identity_schema_version": 0,
          "private": "bnVsbA=="
        }
      ]
    },
    {
      "module": "module.compute_us",
      "mode": "managed",
      "type": "aws_iam_role",
      "name": "greeter_role",
      "provider": "provider[\"registry.terraform.io/hashicorp/aws\"].us_east_1",
      "instances": [
        {
          "schema_version": 0,
          "attributes": {
            "arn": "arn:aws:iam::263274769945:role/greeter-role-us-east-1",
            "assume_role_policy": "{\"Statement\":[{\"Action\":\"sts:AssumeRole\",\"Effect\":\"Allow\",\"Principal\":{\"Service\":\"lambda.amazonaws.com\"}}],\"Version\":\"2012-10-17\"}",
            "create_date": "2026-03-03T10:09:31Z",
            "description": "",
            "force_detach_policies": false,
            "id": "greeter-role-us-east-1",
            "inline_policy": [
              {
                "name": "terraform-20260303100937705200000002",
                "policy": "{\"Version\":\"2012-10-17\",\"Statement\":[{\"Action\":[\"dynamodb:PutItem\"],\"Effect\":\"Allow\",\"Resource\":\"arn:aws:dynamodb:us-east-1:263274769945:table/GreetingLogs\"},{\"Action\":[\"sns:Publish\"],\"Effect\":\"Allow\",\"Resource\":\"arn:aws:sns:us-east-1:263274769945:sns-test\"},{\"Action\":[\"logs:CreateLogGroup\",\"logs:CreateLogStream\",\"logs:PutLogEvents\"],\"Effect\":\"Allow\",\"Resource\":\"arn:aws:logs:us-east-1:263274769945:*\"}]}"
              }
            ],
            "managed_policy_arns": [],
            "max_session_duration": 3600,
            "name": "greeter-role-us-east-1",
            "name_prefix": "",
            "path": "/",
            "permissions_boundary": "",
            "tags": {},
            "tags_all": {},
            "unique_id": "AROAT2TDGFYMZL3LOT5SY"
          },
          "sensitive_attributes": [],
          "identity_schema_version": 0,
          "private": "bnVsbA=="
        }
      ]
    },
    {
      "module": "module.compute_us",
      "mode": "managed",
      "type": "aws_iam_role_policy",
      "name": "dispatcher_policy",
      "provider": "provider[\"registry.terraform.io/hashicorp/aws\"].us_east_1",
      "instances": [
        {
          "schema_version": 0,
          "attributes": {
            "id": "dispatcher-role-us-east-1:terraform-20260303100942177500000003",
            "name": "terraform-20260303100942177500000003",
            "name_prefix": "terraform-",
            "policy": "{\"Version\":\"2012-10-17\",\"Statement\":[{\"Action\":[\"ecs:RunTask\"],\"Effect\":\"Allow\",\"Resource\":[\"arn:aws:ecs:us-east-1:263274769945:task-definition/dispatcher-task:1:*\",\"arn:aws:ecs:us-east-1:263274769945:task-definition/dispatcher-task:1\"]},{\"Action\":[\"sns:Publish\"],\"Effect\":\"Allow\",\"Resource\":\"arn:aws:sns:us-east-1:263274769945:sns-test\"},{\"Action\":[\"iam:PassRole\"],\"Effect\":\"Allow\",\"Resource\":\"arn:aws:iam::263274769945:role/dispatcher-ecs-task-role-us-east-1\"},{\"Action\":[\"logs:CreateLogGroup\",\"logs:CreateLogStream\",\"logs:PutLogEvents\"],\"Effect\":\"Allow\",\"Resource\":\"arn:aws:logs:us-east-1:263274769945:*\"}]}",
            "role": "dispatcher-role-us-east-1"
          },
          "sensitive_attributes": [],
          "identity_schema_version": 0,
          "private": "bnVsbA==",
          "dependencies": [
            "module.compute_us.aws_ecs_task_definition.dispatcher_task",
            "module.compute_us.aws_iam_role.dispatcher_role",
            "module.compute_us.aws_iam_role.ecs_task_role",
            "module.compute_us.data.aws_caller_identity.current"
          ]
        }
      ]
    },
    {
      "module": "module.compute_us",
      "mode": "managed",
      "type": "aws_iam_role_policy",
      "name": "ecs_task_policy",
      "provider": "provider[\"registry.terraform.io/hashicorp/aws\"].us_east_1",
      "instances": [
        {
          "schema_version": 0,
          "attributes": {
            "id": "dispatcher-ecs-task-role-us-east-1:terraform-20260303100930791500000001",
            "name": "terraform-20260303100930791500000001",
            "name_prefix": "terraform-",
            "policy": "{\"Version\":\"2012-10-17\",\"Statement\":[{\"Action\":[\"sns:Publish\"],\"Effect\":\"Allow\",\"Resource\":\"arn:aws:sns:us-east-1:263274769945:sns-test\"},{\"Action\":[\"logs:CreateLogGroup\",\"logs:CreateLogStream\",\"logs:PutLogEvents\"],\"Effect\":\"Allow\",\"Resource\":\"*\"}]}",
            "role": "dispatcher-ecs-task-role-us-east-1"
          },
          "sensitive_attributes": [],
          "identity_schema_version": 0,
          "private": "bnVsbA==",
          "dependencies": [
            "module.compute_us.aws_iam_role.ecs_task_role"
          ]
        }
      ]
    },
    {
      "module": "module.compute_us",
      "mode": "managed",
      "type": "aws_iam_role_policy",
      "name": "greeter_policy",
      "provider": "provider[\"registry.terraform.io/hashicorp/aws\"].us_east_1",
      "instances": [
        {
          "schema_version": 0,
          "attributes": {
            "id": "greeter-role-us-east-1:terraform-20260303100937705200000002",
            "name": "terraform-20260303100937705200000002",
            "name_prefix": "terraform-",
            "policy": "{\"Version\":\"2012-10-17\",\"Statement\":[{\"Action\":[\"dynamodb:PutItem\"],\"Effect\":\"Allow\",\"Resource\":\"arn:aws:dynamodb:us-east-1:263274769945:table/GreetingLogs\"},{\"Action\":[\"sns:Publish\"],\"Effect\":\"Allow\",\"Resource\":\"arn:aws:sns:us-east-1:263274769945:sns-test\"},{\"Action\":[\"logs:CreateLogGroup\",\"logs:CreateLogStream\",\"logs:PutLogEvents\"],\"Effect\":\"Allow\",\"Resource\":\"arn:aws:logs:us-east-1:263274769945:*\"}]}",
            "role": "greeter-role-us-east-1"
          },
          "sensitive_attributes": [],
          "identity_schema_version": 0,
          "private": "bnVsbA==",
          "dependencies": [
            "module.compute_us.aws_dynamodb_table.greetings",
            "module.compute_us.aws_iam_role.greeter_role",
            "module.compute_us.data.aws_caller_identity.current"
          ]
        }
      ]
    },
    {
      "module": "module.compute_us",
      "mode": "managed",
      "type": "aws_lambda_function",
      "name": "dispatcher",
      "provider": "provider[\"registry.terraform.io/hashicorp/aws\"].us_east_1",
      "instances": [
        {
          "schema_version": 0,
          "attributes": {
            "architectures": [
              "x86_64"
            ],
            "arn": "arn:aws:lambda:us-east-1:263274769945:function:dispatcher-lambda",
            "code_signing_config_arn": "",
            "dead_letter_config": [],
            "description": "",
            "environment": [
              {
                "variables": {
                  "DEFAULT_SG": "sg-0b58230b195e1a3a4",
                  "DEFAULT_SUBNETS": "subnet-04767d1898752825c,subnet-0917b8b7f8dc40722,subnet-0b6a87373b37af112,subnet-0e5454aa566f05797,subnet-08c9578941326c901,subnet-09e1df98a1fe7c4a4",
                  "ECS_CLUSTER_NAME": "dispatcher-ecs-cluster",
                  "EMAIL": "ghassen.cherni@gmail.com",
                  "REGION": "us-east-1",
                  "REPO": "https://github.com/ghassenromdhani83/aws-assessment",
                  "SNS_TOPIC": "arn:aws:sns:us-east-1:263274769945:sns-test",
                  "TASK_DEFINITION": "dispatcher-task"
                }
              }
            ],
            "ephemeral_storage": [
              {
                "size": 512
              }
            ],
            "file_system_config": [],
            "filename": "modules/compute/lambda_dispatcher/lambda.zip",
            "function_name": "dispatcher-lambda",
            "handler": "handler.handler",
            "id": "dispatcher-lambda",
            "image_config": [],
            "image_uri": "",
            "invoke_arn": "arn:aws:apigateway:us-east-1:lambda:path/2015-03-31/functions/arn:aws:lambda:us-east-1:263274769945:function:dispatcher-lambda/invocations",
            "kms_key_arn": "",
            "last_modified": "2026-03-03T12:54:45.000+0000",
            "layers": [],
            "logging_config": [
              {
                "application_log_level": "",
                "log_format": "Text",
                "log_group": "/aws/lambda/dispatcher-lambda",
                "system_log_level": ""
              }
            ],
            "memory_size": 128,
            "package_type": "Zip",
            "publish": false,
            "qualified_arn": "arn:aws:lambda:us-east-1:263274769945:function:dispatcher-lambda:$LATEST",
            "qualified_invoke_arn": "arn:aws:apigateway:us-east-1:lambda:path/2015-03-31/functions/arn:aws:lambda:us-east-1:263274769945:function:dispatcher-lambda:$LATEST/invocations",
            "replace_security_groups_on_destroy": null,
            "replacement_security_group_ids": null,
            "reserved_concurrent_executions": -1,
            "role": "arn:aws:iam::263274769945:role/dispatcher-role-us-east-1",
            "runtime": "python3.11",
            "s3_bucket": null,
            "s3_key": null,
            "s3_object_version": null,
            "signing_job_arn": "",
            "signing_profile_version_arn": "",
            "skip_destroy": false,
            "snap_start": [],
            "source_code_hash": "bajUlHXwPOySv1TVa8sjhsL05QodSULrThkgds/U1DQ=",
            "source_code_size": 893,
            "tags": {},
            "tags_all": {},
            "timeout": 3,
            "timeouts": null,
            "tracing_config": [
              {
                "mode": "PassThrough"
              }
            ],
            "version": "$LATEST",
            "vpc_config": []
          },
          "sensitive_attributes": [],
          "identity_schema_version": 0,
          "private": "eyJlMmJmYjczMC1lY2FhLTExZTYtOGY4OC0zNDM2M2JjN2M0YzAiOnsiY3JlYXRlIjo2MDAwMDAwMDAwMDAsImRlbGV0ZSI6NjAwMDAwMDAwMDAwLCJ1cGRhdGUiOjYwMDAwMDAwMDAwMH19",
          "dependencies": [
            "module.compute_us.aws_ecs_cluster.dispatcher_cluster",
            "module.compute_us.aws_ecs_task_definition.dispatcher_task",
            "module.compute_us.aws_iam_role.dispatcher_role",
            "module.compute_us.aws_iam_role.ecs_task_role",
            "module.compute_us.data.archive_file.dispatcher_lambda",
            "module.compute_us.data.aws_security_group.default",
            "module.compute_us.data.aws_subnets.default_public",
            "module.compute_us.data.aws_vpc.default"
          ]
        }
      ]
    },
    {
      "module": "module.compute_us",
      "mode": "managed",
      "type": "aws_lambda_function",
      "name": "greeter",
      "provider": "provider[\"registry.terraform.io/hashicorp/aws\"].us_east_1",
      "instances": [
        {
          "schema_version": 0,
          "attributes": {
            "architectures": [
              "x86_64"
            ],
            "arn": "arn:aws:lambda:us-east-1:263274769945:function:greeter-lambda",
            "code_signing_config_arn": "",
            "dead_letter_config": [],
            "description": "",
            "environment": [
              {
                "variables": {
                  "EMAIL": "ghassen.cherni@gmail.com",
                  "REGION": "us-east-1",
                  "REPO": "https://github.com/ghassenromdhani83/aws-assessment",
                  "SNS_TOPIC": "arn:aws:sns:us-east-1:263274769945:sns-test",
                  "TABLE_NAME": "GreetingLogs"
                }
              }
            ],
            "ephemeral_storage": [
              {
                "size": 512
              }
            ],
            "file_system_config": [],
            "filename": "modules/compute/lambda_greeter/lambda.zip",
            "function_name": "greeter-lambda",
            "handler": "handler.handler",
            "id": "greeter-lambda",
            "image_config": [],
            "image_uri": "",
            "invoke_arn": "arn:aws:apigateway:us-east-1:lambda:path/2015-03-31/functions/arn:aws:lambda:us-east-1:263274769945:function:greeter-lambda/invocations",
            "kms_key_arn": "",
            "last_modified": "2026-03-03T13:11:13.000+0000",
            "layers": [],
            "logging_config": [
              {
                "application_log_level": "",
                "log_format": "Text",
                "log_group": "/aws/lambda/greeter-lambda",
                "system_log_level": ""
              }
            ],
            "memory_size": 128,
            "package_type": "Zip",
            "publish": false,
            "qualified_arn": "arn:aws:lambda:us-east-1:263274769945:function:greeter-lambda:$LATEST",
            "qualified_invoke_arn": "arn:aws:apigateway:us-east-1:lambda:path/2015-03-31/functions/arn:aws:lambda:us-east-1:263274769945:function:greeter-lambda:$LATEST/invocations",
            "replace_security_groups_on_destroy": null,
            "replacement_security_group_ids": null,
            "reserved_concurrent_executions": -1,
            "role": "arn:aws:iam::263274769945:role/greeter-role-us-east-1",
            "runtime": "python3.11",
            "s3_bucket": null,
            "s3_key": null,
            "s3_object_version": null,
            "signing_job_arn": "",
            "signing_profile_version_arn": "",
            "skip_destroy": false,
            "snap_start": [],
            "source_code_hash": "R0Q5rZDBeX1t/BbChUTkFpicj8UB0r1WJJ49s5TkPHU=",
            "source_code_size": 628,
            "tags": {},
            "tags_all": {},
            "timeout": 3,
            "timeouts": null,
            "tracing_config": [
              {
                "mode": "PassThrough"
              }
            ],
            "version": "$LATEST",
            "vpc_config": []
          },
          "sensitive_attributes": [],
          "identity_schema_version": 0,
          "private": "eyJlMmJmYjczMC1lY2FhLTExZTYtOGY4OC0zNDM2M2JjN2M0YzAiOnsiY3JlYXRlIjo2MDAwMDAwMDAwMDAsImRlbGV0ZSI6NjAwMDAwMDAwMDAwLCJ1cGRhdGUiOjYwMDAwMDAwMDAwMH19",
          "dependencies": [
            "module.compute_us.aws_dynamodb_table.greetings",
            "module.compute_us.aws_iam_role.greeter_role",
            "module.compute_us.data.archive_file.greeter_lambda"
          ]
        }
      ]
    },
    {
      "module": "module.compute_us",
      "mode": "managed",
      "type": "aws_lambda_permission",
      "name": "api_gateway_dispatcher",
      "provider": "provider[\"registry.terraform.io/hashicorp/aws\"].us_east_1",
      "instances": [
        {
          "schema_version": 0,
          "attributes": {
            "action": "lambda:InvokeFunction",
            "event_source_token": null,
            "function_name": "dispatcher-lambda",
            "function_url_auth_type": null,
            "id": "AllowAPIGatewayInvokeDispatcher",
            "principal": "apigateway.amazonaws.com",
            "principal_org_id": null,
            "qualifier": "",
            "source_account": null,
            "source_arn": "arn:aws:execute-api:us-east-1:263274769945:qklpvjc1gd/*/*",
            "statement_id": "AllowAPIGatewayInvokeDispatcher",
            "statement_id_prefix": ""
          },
          "sensitive_attributes": [],
          "identity_schema_version": 0,
          "private": "bnVsbA==",
          "dependencies": [
            "module.compute_us.aws_apigatewayv2_api.api",
            "module.compute_us.aws_ecs_cluster.dispatcher_cluster",
            "module.compute_us.aws_ecs_task_definition.dispatcher_task",
            "module.compute_us.aws_iam_role.dispatcher_role",
            "module.compute_us.aws_iam_role.ecs_task_role",
            "module.compute_us.aws_lambda_function.dispatcher",
            "module.compute_us.data.archive_file.dispatcher_lambda",
            "module.compute_us.data.aws_security_group.default",
            "module.compute_us.data.aws_subnets.default_public",
            "module.compute_us.data.aws_vpc.default"
          ]
        }
      ]
    },
    {
      "module": "module.compute_us",
      "mode": "managed",
      "type": "aws_lambda_permission",
      "name": "api_gateway_greeter",
      "provider": "provider[\"registry.terraform.io/hashicorp/aws\"].us_east_1",
      "instances": [
        {
          "schema_version": 0,
          "attributes": {
            "action": "lambda:InvokeFunction",
            "event_source_token": null,
            "function_name": "greeter-lambda",
            "function_url_auth_type": null,
            "id": "AllowAPIGatewayInvokeGreeter",
            "principal": "apigateway.amazonaws.com",
            "principal_org_id": null,
            "qualifier": "",
            "source_account": null,
            "source_arn": "arn:aws:execute-api:us-east-1:263274769945:qklpvjc1gd/*/*",
            "statement_id": "AllowAPIGatewayInvokeGreeter",
            "statement_id_prefix": ""
          },
          "sensitive_attributes": [],
          "identity_schema_version": 0,
          "private": "bnVsbA==",
          "dependencies": [
            "module.compute_us.aws_apigatewayv2_api.api",
            "module.compute_us.aws_dynamodb_table.greetings",
            "module.compute_us.aws_iam_role.greeter_role",
            "module.compute_us.aws_lambda_function.greeter",
            "module.compute_us.data.archive_file.greeter_lambda"
          ]
        }
      ]
    }
  ],
  "check_results": null
}
